Microsoft Visual Studio Solution File, Format Version 12.00
# Visual Studio Version 17
VisualStudioVersion = 17.5.2.0
MinimumVisualStudioVersion = 10.0.40219.1
Project("{FAE04EC0-301F-11D3-BF4B-00C04F79EFBC}") = "PhotoHub.Api", "PhotoHub.Api\PhotoHub.Api.csproj", "{35B23840-77FD-403C-93A1-2D58401E51DE}"
EndProject
Global
	GlobalSection(SolutionConfigurationPlatforms) = preSolution
		Debug|Any CPU = Debug|Any CPU
		Release|Any CPU = Release|Any CPU
	EndGlobalSection
	GlobalSection(ProjectConfigurationPlatforms) = postSolution
		{35B23840-77FD-403C-93A1-2D58401E51DE}.Debug|Any CPU.ActiveCfg = Debug|Any CPU
		{35B23840-77FD-403C-93A1-2D58401E51DE}.Debug|Any CPU.Build.0 = Debug|Any CPU
		{35B23840-77FD-403C-93A1-2D58401E51DE}.Release|Any CPU.ActiveCfg = Release|Any CPU
		{35B23840-77FD-403C-93A1-2D58401E51DE}.Release|Any CPU.Build.0 = Release|Any CPU
	EndGlobalSection
	GlobalSection(SolutionProperties) = preSolution
		HideSolutionNode = FALSE
	EndGlobalSection
	GlobalSection(ExtensibilityGlobals) = postSolution
		SolutionGuid = {C4F0FE11-7017-4427-B047-CEF888C57ACB}
	EndGlobalSection
EndGlobal
